
Microsoft Visual Studio Solution File, Format Version 12.00
# Visual Studio Version 17
VisualStudioVersion = 17.5.33530.505
MinimumVisualStudioVersion = 10.0.40219.1
Project("{9A19103F-16F7-4668-BE54-9A1E7A4F7556}") = "ExamHallBooking.Presentation", "ExamHallBooking.Presentation\ExamHallBooking.Presentation.csproj", "{E9EC343C-2D0E-4830-8419-AE66805212BB}"
EndProject
Project("{9A19103F-16F7-4668-BE54-9A1E7A4F7556}") = "ExamHallBooking.DataAccess", "ExamHallBooking.DataAccess\ExamHallBooking.DataAccess.csproj", "{D5464E2F-6F56-4BAE-9EDB-5EA41D2CBC7F}"
EndProject
Global
	GlobalSection(SolutionConfigurationPlatforms) = preSolution
		Debug|Any CPU = Debug|Any CPU
		Release|Any CPU = Release|Any CPU
	EndGlobalSection
	GlobalSection(ProjectConfigurationPlatforms) = postSolution
		{E9EC343C-2D0E-4830-8419-AE66805212BB}.Debug|Any CPU.ActiveCfg = Debug|Any CPU
		{E9EC343C-2D0E-4830-8419-AE66805212BB}.Debug|Any CPU.Build.0 = Debug|Any CPU
		{E9EC343C-2D0E-4830-8419-AE66805212BB}.Release|Any CPU.ActiveCfg = Release|Any CPU
		{E9EC343C-2D0E-4830-8419-AE66805212BB}.Release|Any CPU.Build.0 = Release|Any CPU
		{D5464E2F-6F56-4BAE-9EDB-5EA41D2CBC7F}.Debug|Any CPU.ActiveCfg = Debug|Any CPU
		{D5464E2F-6F56-4BAE-9EDB-5EA41D2CBC7F}.Debug|Any CPU.Build.0 = Debug|Any CPU
		{D5464E2F-6F56-4BAE-9EDB-5EA41D2CBC7F}.Release|Any CPU.ActiveCfg = Release|Any CPU
		{D5464E2F-6F56-4BAE-9EDB-5EA41D2CBC7F}.Release|Any CPU.Build.0 = Release|Any CPU
	EndGlobalSection
	GlobalSection(SolutionProperties) = preSolution
		HideSolutionNode = FALSE
	EndGlobalSection
	GlobalSection(ExtensibilityGlobals) = postSolution
		SolutionGuid = {7FCBE8BF-B0B3-4803-B30C-24ACF07E7109}
	EndGlobalSection
EndGlobal
